
Microsoft Visual Studio Solution File, Format Version 12.00
# Visual Studio 14
VisualStudioVersion = 14.0.23107.0
MinimumVisualStudioVersion = 10.0.40219.1
Project("{2150E333-8FDC-42A3-9474-1A3956D46DE8}") = "Business", "Business", "{730B7252-7F96-411B-A8CD-97174CBF73EF}"
EndProject
Project("{2150E333-8FDC-42A3-9474-1A3956D46DE8}") = "Client", "Client", "{3F86BD9B-18B1-46EB-B162-D3ACF505E417}"
EndProject
Project("{2150E333-8FDC-42A3-9474-1A3956D46DE8}") = "Core", "Core", "{52D58425-86CC-4E29-BD91-4AC0757381DC}"
EndProject
Project("{2150E333-8FDC-42A3-9474-1A3956D46DE8}") = "Tests", "Tests", "{3E3F93D9-B45E-4132-ADA1-061BD6B989A0}"
EndProject
Project("{FAE04EC0-301F-11D3-BF4B-00C04F79EFBC}") = "Clients.Entities", "Clients.Entities\Clients.Entities.csproj", "{C0C902DB-05C6-4631-9E28-F27928F4ABD1}"
EndProject
Project("{FAE04EC0-301F-11D3-BF4B-00C04F79EFBC}") = "Business.Entities", "Business.Entities\Business.Entities.csproj", "{D74A7A55-BB48-44C6-A10A-05D5A12581DC}"
EndProject
Project("{FAE04EC0-301F-11D3-BF4B-00C04F79EFBC}") = "Core.Common", "Core.Common\Core.Common.csproj", "{97C47137-1739-4F9A-93E9-589C80138132}"
EndProject
Project("{FAE04EC0-301F-11D3-BF4B-00C04F79EFBC}") = "Core.Contracts", "Core.Contracts\Core.Contracts.csproj", "{D5DB8569-9959-44B6-8EB2-8EF496B435FC}"
EndProject
Project("{FAE04EC0-301F-11D3-BF4B-00C04F79EFBC}") = "Core.Common.Tests", "Core.Common.Tests\Core.Common.Tests.csproj", "{987553B2-E897-4C36-992A-FD3AD66BC4AB}"
EndProject
Project("{2150E333-8FDC-42A3-9474-1A3956D46DE8}") = "DataAccess", "DataAccess", "{BBA5C8AF-F7C4-4984-9513-45EAB9D1AF98}"
EndProject
Project("{FAE04EC0-301F-11D3-BF4B-00C04F79EFBC}") = "DataLayer", "DataLayer\DataLayer.csproj", "{BBFC389B-6746-4864-B622-8929D8FB8A8A}"
EndProject
Project("{FAE04EC0-301F-11D3-BF4B-00C04F79EFBC}") = "DataLayer.Contracts", "DataLayer.Contracts\DataLayer.Contracts.csproj", "{DCE9B334-EDBE-4275-9E34-2BEA78661B73}"
EndProject
Project("{FAE04EC0-301F-11D3-BF4B-00C04F79EFBC}") = "Bootstrapper", "Bootstrapper\Bootstrapper.csproj", "{9921ABC0-B3D5-4156-9D53-F7A18A457B5F}"
EndProject
Project("{FAE04EC0-301F-11D3-BF4B-00C04F79EFBC}") = "DataLayer.Test", "DataLayer.Test\DataLayer.Test.csproj", "{9C28EF4B-F0D8-450F-B581-B0330EC3D6DD}"
EndProject
Project("{FAE04EC0-301F-11D3-BF4B-00C04F79EFBC}") = "Business.Contracts", "Business.Contracts\Business.Contracts.csproj", "{71CB449C-44E1-4F7D-A1DE-F2CEADF25109}"
EndProject
Project("{FAE04EC0-301F-11D3-BF4B-00C04F79EFBC}") = "Business.Common", "Business.Common\Business.Common.csproj", "{2DCAEA0D-27FD-482E-83A9-5081AA1D7DB9}"
EndProject
Project("{FAE04EC0-301F-11D3-BF4B-00C04F79EFBC}") = "Business.Managers", "Business.Managers\Business.Managers.csproj", "{ADD05CEF-C488-4DEE-9D4A-A1B09BEC30DE}"
EndProject
Project("{FAE04EC0-301F-11D3-BF4B-00C04F79EFBC}") = "Business.Engine", "Business.Engine\Business.Engine.csproj", "{63D7F827-247B-4984-8AE7-2801669CA491}"
EndProject
Project("{2150E333-8FDC-42A3-9474-1A3956D46DE8}") = "Common", "Common", "{BD7EAFFC-16B5-4180-823B-DAAC7BF30E10}"
EndProject
Project("{FAE04EC0-301F-11D3-BF4B-00C04F79EFBC}") = "App.Common", "App.Common\App.Common.csproj", "{E6BAFE77-55F9-443A-9AA1-338F02177150}"
EndProject
Project("{FAE04EC0-301F-11D3-BF4B-00C04F79EFBC}") = "Business.Tests", "Business.Tests\Business.Tests.csproj", "{C5CFC877-2BC8-4776-93FF-5EBC0B52E97D}"
EndProject
Project("{FAE04EC0-301F-11D3-BF4B-00C04F79EFBC}") = "BusinessManager.Tests", "BusinessManager.Tests\BusinessManager.Tests.csproj", "{933D4C9D-36EA-405F-884B-1A54F254D037}"
EndProject
Project("{2150E333-8FDC-42A3-9474-1A3956D46DE8}") = "Hosting", "Hosting", "{996B9298-5EE5-4E68-AA77-F8DA0C2BA680}"
EndProject
Project("{FAE04EC0-301F-11D3-BF4B-00C04F79EFBC}") = "Console.ServiceHosting", "Console.ServiceHosting\Console.ServiceHosting.csproj", "{B9F598E4-401E-4819-9454-13FF68149145}"
EndProject
Project("{FAE04EC0-301F-11D3-BF4B-00C04F79EFBC}") = "ServiceHosting.Tests", "ServiceHosting.Tests\ServiceHosting.Tests.csproj", "{B81E0FD5-7102-4395-B94A-C056B3E11C98}"
EndProject
Project("{FAE04EC0-301F-11D3-BF4B-00C04F79EFBC}") = "WindowsService1", "WindowsService1\WindowsService1.csproj", "{E96F1E04-0DAC-487E-8A14-47EC765A29DC}"
EndProject
Project("{FAE04EC0-301F-11D3-BF4B-00C04F79EFBC}") = "Client.Contracts", "Client.Contracts\Client.Contracts.csproj", "{B029CA31-C63F-4250-8630-75D9AB136512}"
EndProject
Project("{FAE04EC0-301F-11D3-BF4B-00C04F79EFBC}") = "Client.Proxies", "Client.Proxies\Client.Proxies.csproj", "{DC4FC506-1E84-4310-B7A7-EBD06152840C}"
EndProject
Project("{FAE04EC0-301F-11D3-BF4B-00C04F79EFBC}") = "Client.Bootstrapper", "Client.Bootstrapper\Client.Bootstrapper.csproj", "{2EC43631-C58E-4627-856D-9804632BA0C0}"
EndProject
Project("{FAE04EC0-301F-11D3-BF4B-00C04F79EFBC}") = "ClientProxies.Tests", "ClientProxies.Tests\ClientProxies.Tests.csproj", "{916FF8D6-0025-4E0C-85F0-57457143BBE8}"
EndProject
Global
	GlobalSection(SolutionConfigurationPlatforms) = preSolution
		Debug|Any CPU = Debug|Any CPU
		Release|Any CPU = Release|Any CPU
	EndGlobalSection
	GlobalSection(ProjectConfigurationPlatforms) = postSolution
		{C0C902DB-05C6-4631-9E28-F27928F4ABD1}.Debug|Any CPU.ActiveCfg = Debug|Any CPU
		{C0C902DB-05C6-4631-9E28-F27928F4ABD1}.Debug|Any CPU.Build.0 = Debug|Any CPU
		{C0C902DB-05C6-4631-9E28-F27928F4ABD1}.Release|Any CPU.ActiveCfg = Release|Any CPU
		{C0C902DB-05C6-4631-9E28-F27928F4ABD1}.Release|Any CPU.Build.0 = Release|Any CPU
		{D74A7A55-BB48-44C6-A10A-05D5A12581DC}.Debug|Any CPU.ActiveCfg = Debug|Any CPU
		{D74A7A55-BB48-44C6-A10A-05D5A12581DC}.Debug|Any CPU.Build.0 = Debug|Any CPU
		{D74A7A55-BB48-44C6-A10A-05D5A12581DC}.Release|Any CPU.ActiveCfg = Release|Any CPU
		{D74A7A55-BB48-44C6-A10A-05D5A12581DC}.Release|Any CPU.Build.0 = Release|Any CPU
		{97C47137-1739-4F9A-93E9-589C80138132}.Debug|Any CPU.ActiveCfg = Debug|Any CPU
		{97C47137-1739-4F9A-93E9-589C80138132}.Debug|Any CPU.Build.0 = Debug|Any CPU
		{97C47137-1739-4F9A-93E9-589C80138132}.Release|Any CPU.ActiveCfg = Release|Any CPU
		{97C47137-1739-4F9A-93E9-589C80138132}.Release|Any CPU.Build.0 = Release|Any CPU
		{D5DB8569-9959-44B6-8EB2-8EF496B435FC}.Debug|Any CPU.ActiveCfg = Debug|Any CPU
		{D5DB8569-9959-44B6-8EB2-8EF496B435FC}.Debug|Any CPU.Build.0 = Debug|Any CPU
		{D5DB8569-9959-44B6-8EB2-8EF496B435FC}.Release|Any CPU.ActiveCfg = Release|Any CPU
		{D5DB8569-9959-44B6-8EB2-8EF496B435FC}.Release|Any CPU.Build.0 = Release|Any CPU
		{987553B2-E897-4C36-992A-FD3AD66BC4AB}.Debug|Any CPU.ActiveCfg = Debug|Any CPU
		{987553B2-E897-4C36-992A-FD3AD66BC4AB}.Debug|Any CPU.Build.0 = Debug|Any CPU
		{987553B2-E897-4C36-992A-FD3AD66BC4AB}.Release|Any CPU.ActiveCfg = Release|Any CPU
		{987553B2-E897-4C36-992A-FD3AD66BC4AB}.Release|Any CPU.Build.0 = Release|Any CPU
		{BBFC389B-6746-4864-B622-8929D8FB8A8A}.Debug|Any CPU.ActiveCfg = Debug|Any CPU
		{BBFC389B-6746-4864-B622-8929D8FB8A8A}.Debug|Any CPU.Build.0 = Debug|Any CPU
		{BBFC389B-6746-4864-B622-8929D8FB8A8A}.Release|Any CPU.ActiveCfg = Release|Any CPU
		{BBFC389B-6746-4864-B622-8929D8FB8A8A}.Release|Any CPU.Build.0 = Release|Any CPU
		{DCE9B334-EDBE-4275-9E34-2BEA78661B73}.Debug|Any CPU.ActiveCfg = Debug|Any CPU
		{DCE9B334-EDBE-4275-9E34-2BEA78661B73}.Debug|Any CPU.Build.0 = Debug|Any CPU
		{DCE9B334-EDBE-4275-9E34-2BEA78661B73}.Release|Any CPU.ActiveCfg = Release|Any CPU
		{DCE9B334-EDBE-4275-9E34-2BEA78661B73}.Release|Any CPU.Build.0 = Release|Any CPU
		{9921ABC0-B3D5-4156-9D53-F7A18A457B5F}.Debug|Any CPU.ActiveCfg = Debug|Any CPU
		{9921ABC0-B3D5-4156-9D53-F7A18A457B5F}.Debug|Any CPU.Build.0 = Debug|Any CPU
		{9921ABC0-B3D5-4156-9D53-F7A18A457B5F}.Release|Any CPU.ActiveCfg = Release|Any CPU
		{9921ABC0-B3D5-4156-9D53-F7A18A457B5F}.Release|Any CPU.Build.0 = Release|Any CPU
		{9C28EF4B-F0D8-450F-B581-B0330EC3D6DD}.Debug|Any CPU.ActiveCfg = Debug|Any CPU
		{9C28EF4B-F0D8-450F-B581-B0330EC3D6DD}.Debug|Any CPU.Build.0 = Debug|Any CPU
		{9C28EF4B-F0D8-450F-B581-B0330EC3D6DD}.Release|Any CPU.ActiveCfg = Release|Any CPU
		{9C28EF4B-F0D8-450F-B581-B0330EC3D6DD}.Release|Any CPU.Build.0 = Release|Any CPU
		{71CB449C-44E1-4F7D-A1DE-F2CEADF25109}.Debug|Any CPU.ActiveCfg = Debug|Any CPU
		{71CB449C-44E1-4F7D-A1DE-F2CEADF25109}.Debug|Any CPU.Build.0 = Debug|Any CPU
		{71CB449C-44E1-4F7D-A1DE-F2CEADF25109}.Release|Any CPU.ActiveCfg = Release|Any CPU
		{71CB449C-44E1-4F7D-A1DE-F2CEADF25109}.Release|Any CPU.Build.0 = Release|Any CPU
		{2DCAEA0D-27FD-482E-83A9-5081AA1D7DB9}.Debug|Any CPU.ActiveCfg = Debug|Any CPU
		{2DCAEA0D-27FD-482E-83A9-5081AA1D7DB9}.Debug|Any CPU.Build.0 = Debug|Any CPU
		{2DCAEA0D-27FD-482E-83A9-5081AA1D7DB9}.Release|Any CPU.ActiveCfg = Release|Any CPU
		{2DCAEA0D-27FD-482E-83A9-5081AA1D7DB9}.Release|Any CPU.Build.0 = Release|Any CPU
		{ADD05CEF-C488-4DEE-9D4A-A1B09BEC30DE}.Debug|Any CPU.ActiveCfg = Debug|Any CPU
		{ADD05CEF-C488-4DEE-9D4A-A1B09BEC30DE}.Debug|Any CPU.Build.0 = Debug|Any CPU
		{ADD05CEF-C488-4DEE-9D4A-A1B09BEC30DE}.Release|Any CPU.ActiveCfg = Release|Any CPU
		{ADD05CEF-C488-4DEE-9D4A-A1B09BEC30DE}.Release|Any CPU.Build.0 = Release|Any CPU
		{63D7F827-247B-4984-8AE7-2801669CA491}.Debug|Any CPU.ActiveCfg = Debug|Any CPU
		{63D7F827-247B-4984-8AE7-2801669CA491}.Debug|Any CPU.Build.0 = Debug|Any CPU
		{63D7F827-247B-4984-8AE7-2801669CA491}.Release|Any CPU.ActiveCfg = Release|Any CPU
		{63D7F827-247B-4984-8AE7-2801669CA491}.Release|Any CPU.Build.0 = Release|Any CPU
		{E6BAFE77-55F9-443A-9AA1-338F02177150}.Debug|Any CPU.ActiveCfg = Debug|Any CPU
		{E6BAFE77-55F9-443A-9AA1-338F02177150}.Debug|Any CPU.Build.0 = Debug|Any CPU
		{E6BAFE77-55F9-443A-9AA1-338F02177150}.Release|Any CPU.ActiveCfg = Release|Any CPU
		{E6BAFE77-55F9-443A-9AA1-338F02177150}.Release|Any CPU.Build.0 = Release|Any CPU
		{C5CFC877-2BC8-4776-93FF-5EBC0B52E97D}.Debug|Any CPU.ActiveCfg = Debug|Any CPU
		{C5CFC877-2BC8-4776-93FF-5EBC0B52E97D}.Debug|Any CPU.Build.0 = Debug|Any CPU
		{C5CFC877-2BC8-4776-93FF-5EBC0B52E97D}.Release|Any CPU.ActiveCfg = Release|Any CPU
		{C5CFC877-2BC8-4776-93FF-5EBC0B52E97D}.Release|Any CPU.Build.0 = Release|Any CPU
		{933D4C9D-36EA-405F-884B-1A54F254D037}.Debug|Any CPU.ActiveCfg = Debug|Any CPU
		{933D4C9D-36EA-405F-884B-1A54F254D037}.Debug|Any CPU.Build.0 = Debug|Any CPU
		{933D4C9D-36EA-405F-884B-1A54F254D037}.Release|Any CPU.ActiveCfg = Release|Any CPU
		{933D4C9D-36EA-405F-884B-1A54F254D037}.Release|Any CPU.Build.0 = Release|Any CPU
		{B9F598E4-401E-4819-9454-13FF68149145}.Debug|Any CPU.ActiveCfg = Debug|Any CPU
		{B9F598E4-401E-4819-9454-13FF68149145}.Debug|Any CPU.Build.0 = Debug|Any CPU
		{B9F598E4-401E-4819-9454-13FF68149145}.Release|Any CPU.ActiveCfg = Release|Any CPU
		{B9F598E4-401E-4819-9454-13FF68149145}.Release|Any CPU.Build.0 = Release|Any CPU
		{B81E0FD5-7102-4395-B94A-C056B3E11C98}.Debug|Any CPU.ActiveCfg = Debug|Any CPU
		{B81E0FD5-7102-4395-B94A-C056B3E11C98}.Debug|Any CPU.Build.0 = Debug|Any CPU
		{B81E0FD5-7102-4395-B94A-C056B3E11C98}.Release|Any CPU.ActiveCfg = Release|Any CPU
		{B81E0FD5-7102-4395-B94A-C056B3E11C98}.Release|Any CPU.Build.0 = Release|Any CPU
		{E96F1E04-0DAC-487E-8A14-47EC765A29DC}.Debug|Any CPU.ActiveCfg = Debug|Any CPU
		{E96F1E04-0DAC-487E-8A14-47EC765A29DC}.Debug|Any CPU.Build.0 = Debug|Any CPU
		{E96F1E04-0DAC-487E-8A14-47EC765A29DC}.Release|Any CPU.ActiveCfg = Release|Any CPU
		{E96F1E04-0DAC-487E-8A14-47EC765A29DC}.Release|Any CPU.Build.0 = Release|Any CPU
		{B029CA31-C63F-4250-8630-75D9AB136512}.Debug|Any CPU.ActiveCfg = Debug|Any CPU
		{B029CA31-C63F-4250-8630-75D9AB136512}.Debug|Any CPU.Build.0 = Debug|Any CPU
		{B029CA31-C63F-4250-8630-75D9AB136512}.Release|Any CPU.ActiveCfg = Release|Any CPU
		{B029CA31-C63F-4250-8630-75D9AB136512}.Release|Any CPU.Build.0 = Release|Any CPU
		{DC4FC506-1E84-4310-B7A7-EBD06152840C}.Debug|Any CPU.ActiveCfg = Debug|Any CPU
		{DC4FC506-1E84-4310-B7A7-EBD06152840C}.Debug|Any CPU.Build.0 = Debug|Any CPU
		{DC4FC506-1E84-4310-B7A7-EBD06152840C}.Release|Any CPU.ActiveCfg = Release|Any CPU
		{DC4FC506-1E84-4310-B7A7-EBD06152840C}.Release|Any CPU.Build.0 = Release|Any CPU
		{2EC43631-C58E-4627-856D-9804632BA0C0}.Debug|Any CPU.ActiveCfg = Debug|Any CPU
		{2EC43631-C58E-4627-856D-9804632BA0C0}.Debug|Any CPU.Build.0 = Debug|Any CPU
		{2EC43631-C58E-4627-856D-9804632BA0C0}.Release|Any CPU.ActiveCfg = Release|Any CPU
		{2EC43631-C58E-4627-856D-9804632BA0C0}.Release|Any CPU.Build.0 = Release|Any CPU
		{916FF8D6-0025-4E0C-85F0-57457143BBE8}.Debug|Any CPU.ActiveCfg = Debug|Any CPU
		{916FF8D6-0025-4E0C-85F0-57457143BBE8}.Debug|Any CPU.Build.0 = Debug|Any CPU
		{916FF8D6-0025-4E0C-85F0-57457143BBE8}.Release|Any CPU.ActiveCfg = Release|Any CPU
		{916FF8D6-0025-4E0C-85F0-57457143BBE8}.Release|Any CPU.Build.0 = Release|Any CPU
	EndGlobalSection
	GlobalSection(SolutionProperties) = preSolution
		HideSolutionNode = FALSE
	EndGlobalSection
	GlobalSection(NestedProjects) = preSolution
		{C0C902DB-05C6-4631-9E28-F27928F4ABD1} = {3F86BD9B-18B1-46EB-B162-D3ACF505E417}
		{D74A7A55-BB48-44C6-A10A-05D5A12581DC} = {730B7252-7F96-411B-A8CD-97174CBF73EF}
		{97C47137-1739-4F9A-93E9-589C80138132} = {52D58425-86CC-4E29-BD91-4AC0757381DC}
		{D5DB8569-9959-44B6-8EB2-8EF496B435FC} = {52D58425-86CC-4E29-BD91-4AC0757381DC}
		{987553B2-E897-4C36-992A-FD3AD66BC4AB} = {3E3F93D9-B45E-4132-ADA1-061BD6B989A0}
		{BBFC389B-6746-4864-B622-8929D8FB8A8A} = {BBA5C8AF-F7C4-4984-9513-45EAB9D1AF98}
		{DCE9B334-EDBE-4275-9E34-2BEA78661B73} = {BBA5C8AF-F7C4-4984-9513-45EAB9D1AF98}
		{9921ABC0-B3D5-4156-9D53-F7A18A457B5F} = {730B7252-7F96-411B-A8CD-97174CBF73EF}
		{9C28EF4B-F0D8-450F-B581-B0330EC3D6DD} = {3E3F93D9-B45E-4132-ADA1-061BD6B989A0}
		{71CB449C-44E1-4F7D-A1DE-F2CEADF25109} = {730B7252-7F96-411B-A8CD-97174CBF73EF}
		{2DCAEA0D-27FD-482E-83A9-5081AA1D7DB9} = {730B7252-7F96-411B-A8CD-97174CBF73EF}
		{ADD05CEF-C488-4DEE-9D4A-A1B09BEC30DE} = {730B7252-7F96-411B-A8CD-97174CBF73EF}
		{63D7F827-247B-4984-8AE7-2801669CA491} = {730B7252-7F96-411B-A8CD-97174CBF73EF}
		{E6BAFE77-55F9-443A-9AA1-338F02177150} = {BD7EAFFC-16B5-4180-823B-DAAC7BF30E10}
		{C5CFC877-2BC8-4776-93FF-5EBC0B52E97D} = {3E3F93D9-B45E-4132-ADA1-061BD6B989A0}
		{933D4C9D-36EA-405F-884B-1A54F254D037} = {3E3F93D9-B45E-4132-ADA1-061BD6B989A0}
		{B9F598E4-401E-4819-9454-13FF68149145} = {996B9298-5EE5-4E68-AA77-F8DA0C2BA680}
		{B81E0FD5-7102-4395-B94A-C056B3E11C98} = {3E3F93D9-B45E-4132-ADA1-061BD6B989A0}
		{E96F1E04-0DAC-487E-8A14-47EC765A29DC} = {996B9298-5EE5-4E68-AA77-F8DA0C2BA680}
		{B029CA31-C63F-4250-8630-75D9AB136512} = {3F86BD9B-18B1-46EB-B162-D3ACF505E417}
		{DC4FC506-1E84-4310-B7A7-EBD06152840C} = {3F86BD9B-18B1-46EB-B162-D3ACF505E417}
		{2EC43631-C58E-4627-856D-9804632BA0C0} = {3F86BD9B-18B1-46EB-B162-D3ACF505E417}
		{916FF8D6-0025-4E0C-85F0-57457143BBE8} = {3E3F93D9-B45E-4132-ADA1-061BD6B989A0}
	EndGlobalSection
EndGlobal
